// !$*UTF8*$!
{
	archiveVersion = 1;
	classes = {
	};
	objectVersion = 56;
	objects = {

/* Begin PBXBuildFile section */
		4A38D7252A5AD639006D5A64 /* AppDelegate.swift in Sources */ = {isa = PBXBuildFile; fileRef = 4A38D7242A5AD639006D5A64 /* AppDelegate.swift */; };
		4A38D7272A5AD639006D5A64 /* SceneDelegate.swift in Sources */ = {isa = PBXBuildFile; fileRef = 4A38D7262A5AD639006D5A64 /* SceneDelegate.swift */; };
		4A38D7292A5AD639006D5A64 /* ViewController.swift in Sources */ = {isa = PBXBuildFile; fileRef = 4A38D7282A5AD639006D5A64 /* ViewController.swift */; };
		4A38D72C2A5AD639006D5A64 /* Main.storyboard in Resources */ = {isa = PBXBuildFile; fileRef = 4A38D72A2A5AD639006D5A64 /* Main.storyboard */; };
		4A38D72E2A5AD63A006D5A64 /* Assets.xcassets in Resources */ = {isa = PBXBuildFile; fileRef = 4A38D72D2A5AD63A006D5A64 /* Assets.xcassets */; };
		4A38D7312A5AD63A006D5A64 /* LaunchScreen.storyboard in Resources */ = {isa = PBXBuildFile; fileRef = 4A38D72F2A5AD63A006D5A64 /* LaunchScreen.storyboard */; };
		4A38D73C2A5AD63B006D5A64 /* ExSanpshotViewTests.swift in Sources */ = {isa = PBXBuildFile; fileRef = 4A38D73B2A5AD63B006D5A64 /* ExSanpshotViewTests.swift */; };
		4A38D7462A5AD63B006D5A64 /* ExSanpshotViewUITests.swift in Sources */ = {isa = PBXBuildFile; fileRef = 4A38D7452A5AD63B006D5A64 /* ExSanpshotViewUITests.swift */; };
		4A38D7482A5AD63B006D5A64 /* ExSanpshotViewUITestsLaunchTests.swift in Sources */ = {isa = PBXBuildFile; fileRef = 4A38D7472A5AD63B006D5A64 /* ExSanpshotViewUITestsLaunchTests.swift */; };
/* End PBXBuildFile section */

/* Begin PBXContainerItemProxy section */
		4A38D7382A5AD63B006D5A64 /* PBXContainerItemProxy */ = {
			isa = PBXContainerItemProxy;
			containerPortal = 4A38D7192A5AD639006D5A64 /* Project object */;
			proxyType = 1;
			remoteGlobalIDString = 4A38D7202A5AD639006D5A64;
			remoteInfo = ExSanpshotView;
		};
		4A38D7422A5AD63B006D5A64 /* PBXContainerItemProxy */ = {
			isa = PBXContainerItemProxy;
			containerPortal = 4A38D7192A5AD639006D5A64 /* Project object */;
			proxyType = 1;
			remoteGlobalIDString = 4A38D7202A5AD639006D5A64;
			remoteInfo = ExSanpshotView;
		};
/* End PBXContainerItemProxy section */

/* Begin PBXFileReference section */
		4A38D7212A5AD639006D5A64 /* ExSanpshotView.app */ = {isa = PBXFileReference; explicitFileType = wrapper.application; includeInIndex = 0; path = ExSanpshotView.app; sourceTree = BUILT_PRODUCTS_DIR; };
		4A38D7242A5AD639006D5A64 /* AppDelegate.swift */ = {isa = PBXFileReference; lastKnownFileType = sourcecode.swift; path = AppDelegate.swift; sourceTree = "<group>"; };
		4A38D7262A5AD639006D5A64 /* SceneDelegate.swift */ = {isa = PBXFileReference; lastKnownFileType = sourcecode.swift; path = SceneDelegate.swift; sourceTree = "<group>"; };
		4A38D7282A5AD639006D5A64 /* ViewController.swift */ = {isa = PBXFileReference; lastKnownFileType = sourcecode.swift; path = ViewController.swift; sourceTree = "<group>"; };
		4A38D72B2A5AD639006D5A64 /* Base */ = {isa = PBXFileReference; lastKnownFileType = file.storyboard; name = Base; path = Base.lproj/Main.storyboard; sourceTree = "<group>"; };
		4A38D72D2A5AD63A006D5A64 /* Assets.xcassets */ = {isa = PBXFileReference; lastKnownFileType = folder.assetcatalog; path = Assets.xcassets; sourceTree = "<group>"; };
		4A38D7302A5AD63A006D5A64 /* Base */ = {isa = PBXFileReference; lastKnownFileType = file.storyboard; name = Base; path = Base.lproj/LaunchScreen.storyboard; sourceTree = "<group>"; };
		4A38D7322A5AD63A006D5A64 /* Info.plist */ = {isa = PBXFileReference; lastKnownFileType = text.plist.xml; path = Info.plist; sourceTree = "<group>"; };
		4A38D7372A5AD63B006D5A64 /* ExSanpshotViewTests.xctest */ = {isa = PBXFileReference; explicitFileType = wrapper.cfbundle; includeInIndex = 0; path = ExSanpshotViewTests.xctest; sourceTree = BUILT_PRODUCTS_DIR; };
		4A38D73B2A5AD63B006D5A64 /* ExSanpshotViewTests.swift */ = {isa = PBXFileReference; lastKnownFileType = sourcecode.swift; path = ExSanpshotViewTests.swift; sourceTree = "<group>"; };
		4A38D7412A5AD63B006D5A64 /* ExSanpshotViewUITests.xctest */ = {isa = PBXFileReference; explicitFileType = wrapper.cfbundle; includeInIndex = 0; path = ExSanpshotViewUITests.xctest; sourceTree = BUILT_PRODUCTS_DIR; };
		4A38D7452A5AD63B006D5A64 /* ExSanpshotViewUITests.swift */ = {isa = PBXFileReference; lastKnownFileType = sourcecode.swift; path = ExSanpshotViewUITests.swift; sourceTree = "<group>"; };
		4A38D7472A5AD63B006D5A64 /* ExSanpshotViewUITestsLaunchTests.swift */ = {isa = PBXFileReference; lastKnownFileType = sourcecode.swift; path = ExSanpshotViewUITestsLaunchTests.swift; sourceTree = "<group>"; };
/* End PBXFileReference section */

/* Begin PBXFrameworksBuildPhase section */
		4A38D71E2A5AD639006D5A64 /* Frameworks */ = {
			isa = PBXFrameworksBuildPhase;
			buildActionMask = 2147483647;
			files = (
			);
			runOnlyForDeploymentPostprocessing = 0;
		};
		4A38D7342A5AD63B006D5A64 /* Frameworks */ = {
			isa = PBXFrameworksBuildPhase;
			buildActionMask = 2147483647;
			files = (
			);
			runOnlyForDeploymentPostprocessing = 0;
		};
		4A38D73E2A5AD63B006D5A64 /* Frameworks */ = {
			isa = PBXFrameworksBuildPhase;
			buildActionMask = 2147483647;
			files = (
			);
			runOnlyForDeploymentPostprocessing = 0;
		};
/* End PBXFrameworksBuildPhase section */

/* Begin PBXGroup section */
		4A38D7182A5AD639006D5A64 = {
			isa = PBXGroup;
			children = (
				4A38D7232A5AD639006D5A64 /* ExSanpshotView */,
				4A38D73A2A5AD63B006D5A64 /* ExSanpshotViewTests */,
				4A38D7442A5AD63B006D5A64 /* ExSanpshotViewUITests */,
				4A38D7222A5AD639006D5A64 /* Products */,
			);
			sourceTree = "<group>";
		};
		4A38D7222A5AD639006D5A64 /* Products */ = {
			isa = PBXGroup;
			children = (
				4A38D7212A5AD639006D5A64 /* ExSanpshotView.app */,
				4A38D7372A5AD63B006D5A64 /* ExSanpshotViewTests.xctest */,
				4A38D7412A5AD63B006D5A64 /* ExSanpshotViewUITests.xctest */,
			);
			name = Products;
			sourceTree = "<group>";
		};
		4A38D7232A5AD639006D5A64 /* ExSanpshotView */ = {
			isa = PBXGroup;
			children = (
				4A38D7242A5AD639006D5A64 /* AppDelegate.swift */,
				4A38D7262A5AD639006D5A64 /* SceneDelegate.swift */,
				4A38D7282A5AD639006D5A64 /* ViewController.swift */,
				4A38D72A2A5AD639006D5A64 /* Main.storyboard */,
				4A38D72D2A5AD63A006D5A64 /* Assets.xcassets */,
				4A38D72F2A5AD63A006D5A64 /* LaunchScreen.storyboard */,
				4A38D7322A5AD63A006D5A64 /* Info.plist */,
			);
			path = ExSanpshotView;
			sourceTree = "<group>";
		};
		4A38D73A2A5AD63B006D5A64 /* ExSanpshotViewTests */ = {
			isa = PBXGroup;
			children = (
				4A38D73B2A5AD63B006D5A64 /* ExSanpshotViewTests.swift */,
			);
			path = ExSanpshotViewTests;
			sourceTree = "<group>";
		};
		4A38D7442A5AD63B006D5A64 /* ExSanpshotViewUITests */ = {
			isa = PBXGroup;
			children = (
				4A38D7452A5AD63B006D5A64 /* ExSanpshotViewUITests.swift */,
				4A38D7472A5AD63B006D5A64 /* ExSanpshotViewUITestsLaunchTests.swift */,
			);
			path = ExSanpshotViewUITests;
			sourceTree = "<group>";
		};
/* End PBXGroup section */

/* Begin PBXNativeTarget section */
		4A38D7202A5AD639006D5A64 /* ExSanpshotView */ = {
			isa = PBXNativeTarget;
			buildConfigurationList = 4A38D74B2A5AD63B006D5A64 /* Build configuration list for PBXNativeTarget "ExSanpshotView" */;
			buildPhases = (
				4A38D71D2A5AD639006D5A64 /* Sources */,
				4A38D71E2A5AD639006D5A64 /* Frameworks */,
				4A38D71F2A5AD639006D5A64 /* Resources */,
			);
			buildRules = (
			);
			dependencies = (
			);
			name = ExSanpshotView;
			productName = ExSanpshotView;
			productReference = 4A38D7212A5AD639006D5A64 /* ExSanpshotView.app */;
			productType = "com.apple.product-type.application";
		};
		4A38D7362A5AD63B006D5A64 /* ExSanpshotViewTests */ = {
			isa = PBXNativeTarget;
			buildConfigurationList = 4A38D74E2A5AD63B006D5A64 /* Build configuration list for PBXNativeTarget "ExSanpshotViewTests" */;
			buildPhases = (
				4A38D7332A5AD63B006D5A64 /* Sources */,
				4A38D7342A5AD63B006D5A64 /* Frameworks */,
				4A38D7352A5AD63B006D5A64 /* Resources */,
			);
			buildRules = (
			);
			dependencies = (
				4A38D7392A5AD63B006D5A64 /* PBXTargetDependency */,
			);
			name = ExSanpshotViewTests;
			productName = ExSanpshotViewTests;
			productReference = 4A38D7372A5AD63B006D5A64 /* ExSanpshotViewTests.xctest */;
			productType = "com.apple.product-type.bundle.unit-test";
		};
		4A38D7402A5AD63B006D5A64 /* ExSanpshotViewUITests */ = {
			isa = PBXNativeTarget;
			buildConfigurationList = 4A38D7512A5AD63B006D5A64 /* Build configuration list for PBXNativeTarget "ExSanpshotViewUITests" */;
			buildPhases = (
				4A38D73D2A5AD63B006D5A64 /* Sources */,
				4A38D73E2A5AD63B006D5A64 /* Frameworks */,
				4A38D73F2A5AD63B006D5A64 /* Resources */,
			);
			buildRules = (
			);
			dependencies = (
				4A38D7432A5AD63B006D5A64 /* PBXTargetDependency */,
			);
			name = ExSanpshotViewUITests;
			productName = ExSanpshotViewUITests;
			productReference = 4A38D7412A5AD63B006D5A64 /* ExSanpshotViewUITests.xctest */;
			productType = "com.apple.product-type.bundle.ui-testing";
		};
/* End PBXNativeTarget section */

/* Begin PBXProject section */
		4A38D7192A5AD639006D5A64 /* Project object */ = {
			isa = PBXProject;
			attributes = {
				BuildIndependentTargetsInParallel = 1;
				LastSwiftUpdateCheck = 1430;
				LastUpgradeCheck = 1430;
				TargetAttributes = {
					4A38D7202A5AD639006D5A64 = {
						CreatedOnToolsVersion = 14.3.1;
					};
					4A38D7362A5AD63B006D5A64 = {
						CreatedOnToolsVersion = 14.3.1;
						TestTargetID = 4A38D7202A5AD639006D5A64;
					};
					4A38D7402A5AD63B006D5A64 = {
						CreatedOnToolsVersion = 14.3.1;
						TestTargetID = 4A38D7202A5AD639006D5A64;
					};
				};
			};
			buildConfigurationList = 4A38D71C2A5AD639006D5A64 /* Build configuration list for PBXProject "ExSanpshotView" */;
			compatibilityVersion = "Xcode 14.0";
			developmentRegion = en;
			hasScannedForEncodings = 0;
			knownRegions = (
				en,
				Base,
			);
			mainGroup = 4A38D7182A5AD639006D5A64;
			productRefGroup = 4A38D7222A5AD639006D5A64 /* Products */;
			projectDirPath = "";
			projectRoot = "";
			targets = (
				4A38D7202A5AD639006D5A64 /* ExSanpshotView */,
				4A38D7362A5AD63B006D5A64 /* ExSanpshotViewTests */,
				4A38D7402A5AD63B006D5A64 /* ExSanpshotViewUITests */,
			);
		};
/* End PBXProject section */

/* Begin PBXResourcesBuildPhase section */
		4A38D71F2A5AD639006D5A64 /* Resources */ = {
			isa = PBXResourcesBuildPhase;
			buildActionMask = 2147483647;
			files = (
				4A38D7312A5AD63A006D5A64 /* LaunchScreen.storyboard in Resources */,
				4A38D72E2A5AD63A006D5A64 /* Assets.xcassets in Resources */,
				4A38D72C2A5AD639006D5A64 /* Main.storyboard in Resources */,
			);
			runOnlyForDeploymentPostprocessing = 0;
		};
		4A38D7352A5AD63B006D5A64 /* Resources */ = {
			isa = PBXResourcesBuildPhase;
			buildActionMask = 2147483647;
			files = (
			);
			runOnlyForDeploymentPostprocessing = 0;
		};
		4A38D73F2A5AD63B006D5A64 /* Resources */ = {
			isa = PBXResourcesBuildPhase;
			buildActionMask = 2147483647;
			files = (
			);
			runOnlyForDeploymentPostprocessing = 0;
		};
/* End PBXResourcesBuildPhase section */

/* Begin PBXSourcesBuildPhase section */
		4A38D71D2A5AD639006D5A64 /* Sources */ = {
			isa = PBXSourcesBuildPhase;
			buildActionMask = 2147483647;
			files = (
				4A38D7292A5AD639006D5A64 /* ViewController.swift in Sources */,
				4A38D7252A5AD639006D5A64 /* AppDelegate.swift in Sources */,
				4A38D7272A5AD639006D5A64 /* SceneDelegate.swift in Sources */,
			);
			runOnlyForDeploymentPostprocessing = 0;
		};
		4A38D7332A5AD63B006D5A64 /* Sources */ = {
			isa = PBXSourcesBuildPhase;
			buildActionMask = 2147483647;
			files = (
				4A38D73C2A5AD63B006D5A64 /* ExSanpshotViewTests.swift in Sources */,
			);
			runOnlyForDeploymentPostprocessing = 0;
		};
		4A38D73D2A5AD63B006D5A64 /* Sources */ = {
			isa = PBXSourcesBuildPhase;
			buildActionMask = 2147483647;
			files = (
				4A38D7482A5AD63B006D5A64 /* ExSanpshotViewUITestsLaunchTests.swift in Sources */,
				4A38D7462A5AD63B006D5A64 /* ExSanpshotViewUITests.swift in Sources */,
			);
			runOnlyForDeploymentPostprocessing = 0;
		};
/* End PBXSourcesBuildPhase section */

/* Begin PBXTargetDependency section */
		4A38D7392A5AD63B006D5A64 /* PBXTargetDependency */ = {
			isa = PBXTargetDependency;
			target = 4A38D7202A5AD639006D5A64 /* ExSanpshotView */;
			targetProxy = 4A38D7382A5AD63B006D5A64 /* PBXContainerItemProxy */;
		};
		4A38D7432A5AD63B006D5A64 /* PBXTargetDependency */ = {
			isa = PBXTargetDependency;
			target = 4A38D7202A5AD639006D5A64 /* ExSanpshotView */;
			targetProxy = 4A38D7422A5AD63B006D5A64 /* PBXContainerItemProxy */;
		};
/* End PBXTargetDependency section */

/* Begin PBXVariantGroup section */
		4A38D72A2A5AD639006D5A64 /* Main.storyboard */ = {
			isa = PBXVariantGroup;
			children = (
				4A38D72B2A5AD639006D5A64 /* Base */,
			);
			name = Main.storyboard;
			sourceTree = "<group>";
		};
		4A38D72F2A5AD63A006D5A64 /* LaunchScreen.storyboard */ = {
			isa = PBXVariantGroup;
			children = (
				4A38D7302A5AD63A006D5A64 /* Base */,
			);
			name = LaunchScreen.storyboard;
			sourceTree = "<group>";
		};
/* End PBXVariantGroup section */

/* Begin XCBuildConfiguration section */
		4A38D7492A5AD63B006D5A64 /* Debug */ = {
			isa = XCBuildConfiguration;
			buildSettings = {
				ALWAYS_SEARCH_USER_PATHS = NO;
				CLANG_ANALYZER_NONNULL = YES;
				CLANG_ANALYZER_NUMBER_OBJECT_CONVERSION = YES_AGGRESSIVE;
				CLANG_CXX_LANGUAGE_STANDARD = "gnu++20";
				CLANG_ENABLE_MODULES = YES;
				CLANG_ENABLE_OBJC_ARC = YES;
				CLANG_ENABLE_OBJC_WEAK = YES;
				CLANG_WARN_BLOCK_CAPTURE_AUTORELEASING = YES;
				CLANG_WARN_BOOL_CONVERSION = YES;
				CLANG_WARN_COMMA = YES;
				CLANG_WARN_CONSTANT_CONVERSION = YES;
				CLANG_WARN_DEPRECATED_OBJC_IMPLEMENTATIONS = YES;
				CLANG_WARN_DIRECT_OBJC_ISA_USAGE = YES_ERROR;
				CLANG_WARN_DOCUMENTATION_COMMENTS = YES;
				CLANG_WARN_EMPTY_BODY = YES;
				CLANG_WARN_ENUM_CONVERSION = YES;
				CLANG_WARN_INFINITE_RECURSION = YES;
				CLANG_WARN_INT_CONVERSION = YES;
				CLANG_WARN_NON_LITERAL_NULL_CONVERSION = YES;
				CLANG_WARN_OBJC_IMPLICIT_RETAIN_SELF = YES;
				CLANG_WARN_OBJC_LITERAL_CONVERSION = YES;
				CLANG_WARN_OBJC_ROOT_CLASS = YES_ERROR;
				CLANG_WARN_QUOTED_INCLUDE_IN_FRAMEWORK_HEADER = YES;
				CLANG_WARN_RANGE_LOOP_ANALYSIS = YES;
				CLANG_WARN_STRICT_PROTOTYPES = YES;
				CLANG_WARN_SUSPICIOUS_MOVE = YES;
				CLANG_WARN_UNGUARDED_AVAILABILITY = YES_AGGRESSIVE;
				CLANG_WARN_UNREACHABLE_CODE = YES;
				CLANG_WARN__DUPLICATE_METHOD_MATCH = YES;
				COPY_PHASE_STRIP = NO;
				DEBUG_INFORMATION_FORMAT = dwarf;
				ENABLE_STRICT_OBJC_MSGSEND = YES;
				ENABLE_TESTABILITY = YES;
				GCC_C_LANGUAGE_STANDARD = gnu11;
				GCC_DYNAMIC_NO_PIC = NO;
				GCC_NO_COMMON_BLOCKS = YES;
				GCC_OPTIMIZATION_LEVEL = 0;
				GCC_PREPROCESSOR_DEFINITIONS = (
					"DEBUG=1",
					"$(inherited)",
				);
				GCC_WARN_64_TO_32_BIT_CONVERSION = YES;
				GCC_WARN_ABOUT_RETURN_TYPE = YES_ERROR;
				GCC_WARN_UNDECLARED_SELECTOR = YES;
				GCC_WARN_UNINITIALIZED_AUTOS = YES_AGGRESSIVE;
				GCC_WARN_UNUSED_FUNCTION = YES;
				GCC_WARN_UNUSED_VARIABLE = YES;
				IPHONEOS_DEPLOYMENT_TARGET = 16.4;
				MTL_ENABLE_DEBUG_INFO = INCLUDE_SOURCE;
				MTL_FAST_MATH = YES;
				ONLY_ACTIVE_ARCH = YES;
				SDKROOT = iphoneos;
				SWIFT_ACTIVE_COMPILATION_CONDITIONS = DEBUG;
				SWIFT_OPTIMIZATION_LEVEL = "-Onone";
			};
			name = Debug;
		};
		4A38D74A2A5AD63B006D5A64 /* Release */ = {
			isa = XCBuildConfiguration;
			buildSettings = {
				ALWAYS_SEARCH_USER_PATHS = NO;
				CLANG_ANALYZER_NONNULL = YES;
				CLANG_ANALYZER_NUMBER_OBJECT_CONVERSION = YES_AGGRESSIVE;
				CLANG_CXX_LANGUAGE_STANDARD = "gnu++20";
				CLANG_ENABLE_MODULES = YES;
				CLANG_ENABLE_OBJC_ARC = YES;
				CLANG_ENABLE_OBJC_WEAK = YES;
				CLANG_WARN_BLOCK_CAPTURE_AUTORELEASING = YES;
				CLANG_WARN_BOOL_CONVERSION = YES;
				CLANG_WARN_COMMA = YES;
				CLANG_WARN_CONSTANT_CONVERSION = YES;
				CLANG_WARN_DEPRECATED_OBJC_IMPLEMENTATIONS = YES;
				CLANG_WARN_DIRECT_OBJC_ISA_USAGE = YES_ERROR;
				CLANG_WARN_DOCUMENTATION_COMMENTS = YES;
				CLANG_WARN_EMPTY_BODY = YES;
				CLANG_WARN_ENUM_CONVERSION = YES;
				CLANG_WARN_INFINITE_RECURSION = YES;
				CLANG_WARN_INT_CONVERSION = YES;
				CLANG_WARN_NON_LITERAL_NULL_CONVERSION = YES;
				CLANG_WARN_OBJC_IMPLICIT_RETAIN_SELF = YES;
				CLANG_WARN_OBJC_LITERAL_CONVERSION = YES;
				CLANG_WARN_OBJC_ROOT_CLASS = YES_ERROR;
				CLANG_WARN_QUOTED_INCLUDE_IN_FRAMEWORK_HEADER = YES;
				CLANG_WARN_RANGE_LOOP_ANALYSIS = YES;
				CLANG_WARN_STRICT_PROTOTYPES = YES;
				CLANG_WARN_SUSPICIOUS_MOVE = YES;
				CLANG_WARN_UNGUARDED_AVAILABILITY = YES_AGGRESSIVE;
				CLANG_WARN_UNREACHABLE_CODE = YES;
				CLANG_WARN__DUPLICATE_METHOD_MATCH = YES;
				COPY_PHASE_STRIP = NO;
				DEBUG_INFORMATION_FORMAT = "dwarf-with-dsym";
				ENABLE_NS_ASSERTIONS = NO;
				ENABLE_STRICT_OBJC_MSGSEND = YES;
				GCC_C_LANGUAGE_STANDARD = gnu11;
				GCC_NO_COMMON_BLOCKS = YES;
				GCC_WARN_64_TO_32_BIT_CONVERSION = YES;
				GCC_WARN_ABOUT_RETURN_TYPE = YES_ERROR;
				GCC_WARN_UNDECLARED_SELECTOR = YES;
				GCC_WARN_UNINITIALIZED_AUTOS = YES_AGGRESSIVE;
				GCC_WARN_UNUSED_FUNCTION = YES;
				GCC_WARN_UNUSED_VARIABLE = YES;
				IPHONEOS_DEPLOYMENT_TARGET = 16.4;
				MTL_ENABLE_DEBUG_INFO = NO;
				MTL_FAST_MATH = YES;
				SDKROOT = iphoneos;
				SWIFT_COMPILATION_MODE = wholemodule;
				SWIFT_OPTIMIZATION_LEVEL = "-O";
				VALIDATE_PRODUCT = YES;
			};
			name = Release;
		};
		4A38D74C2A5AD63B006D5A64 /* Debug */ = {
			isa = XCBuildConfiguration;
			buildSettings = {
				ASSETCATALOG_COMPILER_APPICON_NAME = AppIcon;
				ASSETCATALOG_COMPILER_GLOBAL_ACCENT_COLOR_NAME = AccentColor;
				CODE_SIGN_STYLE = Automatic;
				CURRENT_PROJECT_VERSION = 1;
				DEVELOPMENT_TEAM = SS7U83UJNK;
				GENERATE_INFOPLIST_FILE = YES;
				INFOPLIST_FILE = ExSanpshotView/Info.plist;
				INFOPLIST_KEY_UIApplicationSupportsIndirectInputEvents = YES;
				INFOPLIST_KEY_UILaunchStoryboardName = LaunchScreen;
				INFOPLIST_KEY_UIMainStoryboardFile = Main;
				INFOPLIST_KEY_UISupportedInterfaceOrientations_iPad = "UIInterfaceOrientationPortrait UIInterfaceOrientationPortraitUpsideDown UIInterfaceOrientationLandscapeLeft UIInterfaceOrientationLandscapeRight";
				INFOPLIST_KEY_UISupportedInterfaceOrientations_iPhone = "UIInterfaceOrientationPortrait UIInterfaceOrientationLandscapeLeft UIInterfaceOrientationLandscapeRight";
				LD_RUNPATH_SEARCH_PATHS = (
					"$(inherited)",
					"@executable_path/Frameworks",
				);
				MARKETING_VERSION = 1.0;
				PRODUCT_BUNDLE_IDENTIFIER = com.jake.ExSanpshotView;
				PRODUCT_NAME = "$(TARGET_NAME)";
				SWIFT_EMIT_LOC_STRINGS = YES;
				SWIFT_VERSION = 5.0;
				TARGETED_DEVICE_FAMILY = "1,2";
			};
			name = Debug;
		};
		4A38D74D2A5AD63B006D5A64 /* Release */ = {
			isa = XCBuildConfiguration;
			buildSettings = {
				ASSETCATALOG_COMPILER_APPICON_NAME = AppIcon;
				ASSETCATALOG_COMPILER_GLOBAL_ACCENT_COLOR_NAME = AccentColor;
				CODE_SIGN_STYLE = Automatic;
				CURRENT_PROJECT_VERSION = 1;
				DEVELOPMENT_TEAM = SS7U83UJNK;
				GENERATE_INFOPLIST_FILE = YES;
				INFOPLIST_FILE = ExSanpshotView/Info.plist;
				INFOPLIST_KEY_UIApplicationSupportsIndirectInputEvents = YES;
				INFOPLIST_KEY_UILaunchStoryboardName = LaunchScreen;
				INFOPLIST_KEY_UIMainStoryboardFile = Main;
				INFOPLIST_KEY_UISupportedInterfaceOrientations_iPad = "UIInterfaceOrientationPortrait UIInterfaceOrientationPortraitUpsideDown UIInterfaceOrientationLandscapeLeft UIInterfaceOrientationLandscapeRight";
				INFOPLIST_KEY_UISupportedInterfaceOrientations_iPhone = "UIInterfaceOrientationPortrait UIInterfaceOrientationLandscapeLeft UIInterfaceOrientationLandscapeRight";
				LD_RUNPATH_SEARCH_PATHS = (
					"$(inherited)",
					"@executable_path/Frameworks",
				);
				MARKETING_VERSION = 1.0;
				PRODUCT_BUNDLE_IDENTIFIER = com.jake.ExSanpshotView;
				PRODUCT_NAME = "$(TARGET_NAME)";
				SWIFT_EMIT_LOC_STRINGS = YES;
				SWIFT_VERSION = 5.0;
				TARGETED_DEVICE_FAMILY = "1,2";
			};
			name = Release;
		};
		4A38D74F2A5AD63B006D5A64 /* Debug */ = {
			isa = XCBuildConfiguration;
			buildSettings = {
				ALWAYS_EMBED_SWIFT_STANDARD_LIBRARIES = YES;
				BUNDLE_LOADER = "$(TEST_HOST)";
				CODE_SIGN_STYLE = Automatic;
				CURRENT_PROJECT_VERSION = 1;
				DEVELOPMENT_TEAM = SS7U83UJNK;
				GENERATE_INFOPLIST_FILE = YES;
				IPHONEOS_DEPLOYMENT_TARGET = 16.4;
				MARKETING_VERSION = 1.0;
				PRODUCT_BUNDLE_IDENTIFIER = com.jake.ExSanpshotViewTests;
				PRODUCT_NAME = "$(TARGET_NAME)";
				SWIFT_EMIT_LOC_STRINGS = NO;
				SWIFT_VERSION = 5.0;
				TARGETED_DEVICE_FAMILY = "1,2";
				TEST_HOST = "$(BUILT_PRODUCTS_DIR)/ExSanpshotView.app/$(BUNDLE_EXECUTABLE_FOLDER_PATH)/ExSanpshotView";
			};
			name = Debug;
		};
		4A38D7502A5AD63B006D5A64 /* Release */ = {
			isa = XCBuildConfiguration;
			buildSettings = {
				ALWAYS_EMBED_SWIFT_STANDARD_LIBRARIES = YES;
				BUNDLE_LOADER = "$(TEST_HOST)";
				CODE_SIGN_STYLE = Automatic;
				CURRENT_PROJECT_VERSION = 1;
				DEVELOPMENT_TEAM = SS7U83UJNK;
				GENERATE_INFOPLIST_FILE = YES;
				IPHONEOS_DEPLOYMENT_TARGET = 16.4;
				MARKETING_VERSION = 1.0;
				PRODUCT_BUNDLE_IDENTIFIER = com.jake.ExSanpshotViewTests;
				PRODUCT_NAME = "$(TARGET_NAME)";
				SWIFT_EMIT_LOC_STRINGS = NO;
				SWIFT_VERSION = 5.0;
				TARGETED_DEVICE_FAMILY = "1,2";
				TEST_HOST = "$(BUILT_PRODUCTS_DIR)/ExSanpshotView.app/$(BUNDLE_EXECUTABLE_FOLDER_PATH)/ExSanpshotView";
			};
			name = Release;
		};
		4A38D7522A5AD63B006D5A64 /* Debug */ = {
			isa = XCBuildConfiguration;
			buildSettings = {
				ALWAYS_EMBED_SWIFT_STANDARD_LIBRARIES = YES;
				CODE_SIGN_STYLE = Automatic;
				CURRENT_PROJECT_VERSION = 1;
				DEVELOPMENT_TEAM = SS7U83UJNK;
				GENERATE_INFOPLIST_FILE = YES;
				MARKETING_VERSION = 1.0;
				PRODUCT_BUNDLE_IDENTIFIER = com.jake.ExSanpshotViewUITests;
				PRODUCT_NAME = "$(TARGET_NAME)";
				SWIFT_EMIT_LOC_STRINGS = NO;
				SWIFT_VERSION = 5.0;
				TARGETED_DEVICE_FAMILY = "1,2";
				TEST_TARGET_NAME = ExSanpshotView;
			};
			name = Debug;
		};
		4A38D7532A5AD63B006D5A64 /* Release */ = {
			isa = XCBuildConfiguration;
			buildSettings = {
				ALWAYS_EMBED_SWIFT_STANDARD_LIBRARIES = YES;
				CODE_SIGN_STYLE = Automatic;
				CURRENT_PROJECT_VERSION = 1;
				DEVELOPMENT_TEAM = SS7U83UJNK;
				GENERATE_INFOPLIST_FILE = YES;
				MARKETING_VERSION = 1.0;
				PRODUCT_BUNDLE_IDENTIFIER = com.jake.ExSanpshotViewUITests;
				PRODUCT_NAME = "$(TARGET_NAME)";
				SWIFT_EMIT_LOC_STRINGS = NO;
				SWIFT_VERSION = 5.0;
				TARGETED_DEVICE_FAMILY = "1,2";
				TEST_TARGET_NAME = ExSanpshotView;
			};
			name = Release;
		};
/* End XCBuildConfiguration section */

/* Begin XCConfigurationList section */
		4A38D71C2A5AD639006D5A64 /* Build configuration list for PBXProject "ExSanpshotView" */ = {
			isa = XCConfigurationList;
			buildConfigurations = (
				4A38D7492A5AD63B006D5A64 /* Debug */,
				4A38D74A2A5AD63B006D5A64 /* Release */,
			);
			defaultConfigurationIsVisible = 0;
			defaultConfigurationName = Release;
		};
		4A38D74B2A5AD63B006D5A64 /* Build configuration list for PBXNativeTarget "ExSanpshotView" */ = {
			isa = XCConfigurationList;
			buildConfigurations = (
				4A38D74C2A5AD63B006D5A64 /* Debug */,
				4A38D74D2A5AD63B006D5A64 /* Release */,
			);
			defaultConfigurationIsVisible = 0;
			defaultConfigurationName = Release;
		};
		4A38D74E2A5AD63B006D5A64 /* Build configuration list for PBXNativeTarget "ExSanpshotViewTests" */ = {
			isa = XCConfigurationList;
			buildConfigurations = (
				4A38D74F2A5AD63B006D5A64 /* Debug */,
				4A38D7502A5AD63B006D5A64 /* Release */,
			);
			defaultConfigurationIsVisible = 0;
			defaultConfigurationName = Release;
		};
		4A38D7512A5AD63B006D5A64 /* Build configuration list for PBXNativeTarget "ExSanpshotViewUITests" */ = {
			isa = XCConfigurationList;
			buildConfigurations = (
				4A38D7522A5AD63B006D5A64 /* Debug */,
				4A38D7532A5AD63B006D5A64 /* Release */,
			);
			defaultConfigurationIsVisible = 0;
			defaultConfigurationName = Release;
		};
/* End XCConfigurationList section */
	};
	rootObject = 4A38D7192A5AD639006D5A64 /* Project object */;
}
